
Microsoft Visual Studio Solution File, Format Version 12.00
# Visual Studio Version 16
VisualStudioVersion = 16.0.29215.179
MinimumVisualStudioVersion = 10.0.40219.1
Project("{2150E333-8FDC-42A3-9474-1A3956D46DE8}") = "src", "src", "{471FE21C-1094-4240-A71B-A5383A15057F}"
EndProject
Project("{2150E333-8FDC-42A3-9474-1A3956D46DE8}") = "demo", "demo", "{427F5332-D887-495D-9780-ACF435BF6A65}"
EndProject
Project("{9A19103F-16F7-4668-BE54-9A1E7A4F7556}") = "TanvirArjel.ExceptionHandler", "src\TanvirArjel.ExceptionHandler\TanvirArjel.ExceptionHandler.csproj", "{7E25D5CB-BE5B-4422-ACEB-882C95F5C7F6}"
EndProject
Project("{9A19103F-16F7-4668-BE54-9A1E7A4F7556}") = "ExceptionHandler.Demo", "demo\ExceptionHandler.Demo\ExceptionHandler.Demo.csproj", "{20CAB37C-EF63-48FC-B377-5B41E7E221E5}"
EndProject
Global
	GlobalSection(SolutionConfigurationPlatforms) = preSolution
		Debug|Any CPU = Debug|Any CPU
		Release|Any CPU = Release|Any CPU
	EndGlobalSection
	GlobalSection(ProjectConfigurationPlatforms) = postSolution
		{7E25D5CB-BE5B-4422-ACEB-882C95F5C7F6}.Debug|Any CPU.ActiveCfg = Debug|Any CPU
		{7E25D5CB-BE5B-4422-ACEB-882C95F5C7F6}.Debug|Any CPU.Build.0 = Debug|Any CPU
		{7E25D5CB-BE5B-4422-ACEB-882C95F5C7F6}.Release|Any CPU.ActiveCfg = Release|Any CPU
		{7E25D5CB-BE5B-4422-ACEB-882C95F5C7F6}.Release|Any CPU.Build.0 = Release|Any CPU
		{20CAB37C-EF63-48FC-B377-5B41E7E221E5}.Debug|Any CPU.ActiveCfg = Debug|Any CPU
		{20CAB37C-EF63-48FC-B377-5B41E7E221E5}.Debug|Any CPU.Build.0 = Debug|Any CPU
		{20CAB37C-EF63-48FC-B377-5B41E7E221E5}.Release|Any CPU.ActiveCfg = Release|Any CPU
		{20CAB37C-EF63-48FC-B377-5B41E7E221E5}.Release|Any CPU.Build.0 = Release|Any CPU
	EndGlobalSection
	GlobalSection(SolutionProperties) = preSolution
		HideSolutionNode = FALSE
	EndGlobalSection
	GlobalSection(NestedProjects) = preSolution
		{7E25D5CB-BE5B-4422-ACEB-882C95F5C7F6} = {471FE21C-1094-4240-A71B-A5383A15057F}
		{20CAB37C-EF63-48FC-B377-5B41E7E221E5} = {427F5332-D887-495D-9780-ACF435BF6A65}
	EndGlobalSection
	GlobalSection(ExtensibilityGlobals) = postSolution
		SolutionGuid = {43552FD2-FD59-4E10-B1D8-E67944B45CF2}
	EndGlobalSection
EndGlobal
